
Microsoft Visual Studio Solution File, Format Version 12.00
# Visual Studio Version 16
VisualStudioVersion = 16.0.30907.101
MinimumVisualStudioVersion = 10.0.40219.1
Project("{FAE04EC0-301F-11D3-BF4B-00C04F79EFBC}") = "Generics", "Generics\Generics.csproj", "{777E04B3-EE47-4107-A246-1762C29551BB}"
EndProject
Global
	GlobalSection(SolutionConfigurationPlatforms) = preSolution
		Debug|Any CPU = Debug|Any CPU
		Release|Any CPU = Release|Any CPU
	EndGlobalSection
	GlobalSection(ProjectConfigurationPlatforms) = postSolution
		{777E04B3-EE47-4107-A246-1762C29551BB}.Debug|Any CPU.ActiveCfg = Debug|Any CPU
		{777E04B3-EE47-4107-A246-1762C29551BB}.Debug|Any CPU.Build.0 = Debug|Any CPU
		{777E04B3-EE47-4107-A246-1762C29551BB}.Release|Any CPU.ActiveCfg = Release|Any CPU
		{777E04B3-EE47-4107-A246-1762C29551BB}.Release|Any CPU.Build.0 = Release|Any CPU
	EndGlobalSection
	GlobalSection(SolutionProperties) = preSolution
		HideSolutionNode = FALSE
	EndGlobalSection
	GlobalSection(ExtensibilityGlobals) = postSolution
		SolutionGuid = {58FA7A6F-22F0-4119-A8A9-B94B3A94BF89}
	EndGlobalSection
EndGlobal
