
Microsoft Visual Studio Solution File, Format Version 12.00
# Visual Studio Version 16
VisualStudioVersion = 16.0.30523.141
MinimumVisualStudioVersion = 10.0.40219.1
Project("{FAE04EC0-301F-11D3-BF4B-00C04F79EFBC}") = "OlaMundo", "OlaMundo\OlaMundo.csproj", "{305B8959-F77D-4190-9E87-EC6033F5E34A}"
EndProject
Global
	GlobalSection(SolutionConfigurationPlatforms) = preSolution
		Debug|Any CPU = Debug|Any CPU
		Release|Any CPU = Release|Any CPU
	EndGlobalSection
	GlobalSection(ProjectConfigurationPlatforms) = postSolution
		{305B8959-F77D-4190-9E87-EC6033F5E34A}.Debug|Any CPU.ActiveCfg = Debug|Any CPU
		{305B8959-F77D-4190-9E87-EC6033F5E34A}.Debug|Any CPU.Build.0 = Debug|Any CPU
		{305B8959-F77D-4190-9E87-EC6033F5E34A}.Release|Any CPU.ActiveCfg = Release|Any CPU
		{305B8959-F77D-4190-9E87-EC6033F5E34A}.Release|Any CPU.Build.0 = Release|Any CPU
	EndGlobalSection
	GlobalSection(SolutionProperties) = preSolution
		HideSolutionNode = FALSE
	EndGlobalSection
	GlobalSection(ExtensibilityGlobals) = postSolution
		SolutionGuid = {8E0C773D-67BB-46B2-B4C7-EB1F64E9B66D}
	EndGlobalSection
EndGlobal
