
Microsoft Visual Studio Solution File, Format Version 12.00
# Visual Studio Version 16
VisualStudioVersion = 16.0.30907.101
MinimumVisualStudioVersion = 10.0.40219.1
Project("{FAE04EC0-301F-11D3-BF4B-00C04F79EFBC}") = "EntityFrameworkCodeFirst", "EntityFrameworkCodeFirst\EntityFrameworkCodeFirst.csproj", "{A8159159-175F-40A8-85FB-6E155117C524}"
EndProject
Global
	GlobalSection(SolutionConfigurationPlatforms) = preSolution
		Debug|Any CPU = Debug|Any CPU
		Release|Any CPU = Release|Any CPU
	EndGlobalSection
	GlobalSection(ProjectConfigurationPlatforms) = postSolution
		{A8159159-175F-40A8-85FB-6E155117C524}.Debug|Any CPU.ActiveCfg = Debug|Any CPU
		{A8159159-175F-40A8-85FB-6E155117C524}.Debug|Any CPU.Build.0 = Debug|Any CPU
		{A8159159-175F-40A8-85FB-6E155117C524}.Release|Any CPU.ActiveCfg = Release|Any CPU
		{A8159159-175F-40A8-85FB-6E155117C524}.Release|Any CPU.Build.0 = Release|Any CPU
	EndGlobalSection
	GlobalSection(SolutionProperties) = preSolution
		HideSolutionNode = FALSE
	EndGlobalSection
	GlobalSection(ExtensibilityGlobals) = postSolution
		SolutionGuid = {472006DD-41B0-4304-9E33-166749302B0B}
	EndGlobalSection
EndGlobal
