
Microsoft Visual Studio Solution File, Format Version 12.00
# Visual Studio Version 16
VisualStudioVersion = 16.0.30711.63
MinimumVisualStudioVersion = 10.0.40219.1
Project("{FAE04EC0-301F-11D3-BF4B-00C04F79EFBC}") = "RandomNumberDemo", "RandomNumberDemo.csproj", "{5177C5D4-1579-4DC7-BF53-A06CDA9363F4}"
EndProject
Global
	GlobalSection(SolutionConfigurationPlatforms) = preSolution
		Debug|Any CPU = Debug|Any CPU
		Release|Any CPU = Release|Any CPU
	EndGlobalSection
	GlobalSection(ProjectConfigurationPlatforms) = postSolution
		{5177C5D4-1579-4DC7-BF53-A06CDA9363F4}.Debug|Any CPU.ActiveCfg = Debug|Any CPU
		{5177C5D4-1579-4DC7-BF53-A06CDA9363F4}.Debug|Any CPU.Build.0 = Debug|Any CPU
		{5177C5D4-1579-4DC7-BF53-A06CDA9363F4}.Release|Any CPU.ActiveCfg = Release|Any CPU
		{5177C5D4-1579-4DC7-BF53-A06CDA9363F4}.Release|Any CPU.Build.0 = Release|Any CPU
	EndGlobalSection
	GlobalSection(SolutionProperties) = preSolution
		HideSolutionNode = FALSE
	EndGlobalSection
	GlobalSection(ExtensibilityGlobals) = postSolution
		SolutionGuid = {7ACFE0BB-2E4D-44D3-B12B-FCC84F159011}
	EndGlobalSection
EndGlobal
